
Microsoft Visual Studio Solution File, Format Version 12.00
# Visual Studio 14
VisualStudioVersion = 14.0.25420.1
MinimumVisualStudioVersion = 10.0.40219.1
Project("{8BC9CEB8-8B4A-11D0-8D11-00A0C91BC942}") = "LoadDll", "LoadDll\LoadDll.vcxproj", "{F93FC214-4640-47FC-BD8F-9A8670E0C0C8}"
EndProject
Project("{8BC9CEB8-8B4A-11D0-8D11-00A0C91BC942}") = "CreateDll", "CreateDll\CreateDll.vcxproj", "{40C41D4D-5C44-4049-B22B-BEF108E31B00}"
EndProject
Project("{8BC9CEB8-8B4A-11D0-8D11-00A0C91BC942}") = "MemberObjectWithDefaultConstructor", "MemberObjectWithDefaultConstructor\MemberObjectWithDefaultConstructor.vcxproj", "{0A6C2AC9-225B-488D-A818-2BF7100605E5}"
EndProject
Project("{8BC9CEB8-8B4A-11D0-8D11-00A0C91BC942}") = "ClassDriverdClassWithDefalutConstructorOrNo", "ClassDriverdClassWithDefalutConstructorOrNo\ClassDriverdClassWithDefalutConstructorOrNo.vcxproj", "{8F5477DA-6566-42B2-9679-3658B1FC3D86}"
EndProject
Project("{8BC9CEB8-8B4A-11D0-8D11-00A0C91BC942}") = "Factory", "Factory\Factory.vcxproj", "{271F0EA4-99AC-44C4-B74D-A8F8F41FFFFB}"
EndProject
Project("{8BC9CEB8-8B4A-11D0-8D11-00A0C91BC942}") = "FactoryMothed", "FactoryMothed\FactoryMothed.vcxproj", "{27090DC2-B221-4E83-94CE-6F56A01C6030}"
EndProject
Project("{8BC9CEB8-8B4A-11D0-8D11-00A0C91BC942}") = "FactoryAbstract", "FactoryAbstract\FactoryAbstract.vcxproj", "{C934F315-9AA0-4458-95D6-CC4FBC0EAACC}"
EndProject
Project("{8BC9CEB8-8B4A-11D0-8D11-00A0C91BC942}") = "FactoryTemplate", "FactoryTemplate\FactoryTemplate.vcxproj", "{D6157147-D772-4067-9A9A-63ADBAC4B5E2}"
EndProject
Project("{8BC9CEB8-8B4A-11D0-8D11-00A0C91BC942}") = "FactoryRegTempSingle", "FactoryRegTempSingle\FactoryRegTempSingle.vcxproj", "{5F0E3700-978A-484F-BBC9-D8AC0FC7A74B}"
EndProject
Project("{8BC9CEB8-8B4A-11D0-8D11-00A0C91BC942}") = "SingletonPatternLazyLoading_NOT_SAFE", "SingletonPatternLazyLoading_NOT_SAFE\SingletonPatternLazyLoading_NOT_SAFE.vcxproj", "{554E1A15-8458-4BC6-BB8F-702E3C375B9F}"
EndProject
Project("{8BC9CEB8-8B4A-11D0-8D11-00A0C91BC942}") = "SingletonPatternLazyLoading_SAFE", "SingletonPatternLazyLoading_SAFE\SingletonPatternLazyLoading_SAFE.vcxproj", "{AAAE95EA-2AFF-4667-9098-794782BEE97B}"
EndProject
Project("{8BC9CEB8-8B4A-11D0-8D11-00A0C91BC942}") = "SingletonPatternHungryLoading_SAFE", "SingletonPatternHungryLoading_SAFE\SingletonPatternHungryLoading_SAFE.vcxproj", "{EAC8FB3F-DA00-400E-806A-1F738B1C6226}"
EndProject
Project("{8BC9CEB8-8B4A-11D0-8D11-00A0C91BC942}") = "SingletonPatternLazyLoading_SAFE2", "SingletonPatternLazyLoading_SAFE2\SingletonPatternLazyLoading_SAFE2.vcxproj", "{39C7FB6F-B598-48B2-8CB0-E6C475019D0B}"
EndProject
Project("{8BC9CEB8-8B4A-11D0-8D11-00A0C91BC942}") = "Stragegy", "Stragegy\Stragegy.vcxproj", "{C15C6AE2-B148-4142-9CB1-99E9CEA50D9E}"
EndProject
Project("{8BC9CEB8-8B4A-11D0-8D11-00A0C91BC942}") = "Builder", "Builder\Builder.vcxproj", "{24C0B365-C982-42ED-9539-D611F4326ED3}"
EndProject
Project("{8BC9CEB8-8B4A-11D0-8D11-00A0C91BC942}") = "ProtoType", "ProtoType\ProtoType.vcxproj", "{34C30391-867B-4B57-A456-980FCE5FF2EF}"
EndProject
Project("{8BC9CEB8-8B4A-11D0-8D11-00A0C91BC942}") = "Observer", "Observer\Observer.vcxproj", "{64423830-B32C-43C9-AEDD-BB0B8F0697DB}"
EndProject
Project("{8BC9CEB8-8B4A-11D0-8D11-00A0C91BC942}") = "TemplateMethod", "TemplateMethod\TemplateMethod.vcxproj", "{17D83827-B887-444D-8F60-9730215AD0B7}"
EndProject
Project("{8BC9CEB8-8B4A-11D0-8D11-00A0C91BC942}") = "Iterator", "Iterator\Iterator.vcxproj", "{E88D9205-71B0-4190-8043-3E25B320A86A}"
EndProject
Project("{8BC9CEB8-8B4A-11D0-8D11-00A0C91BC942}") = "CString_string", "CString_string\CString_string.vcxproj", "{A1BDCB88-418E-48BF-ADAF-9E0D3F696436}"
EndProject
Project("{8BC9CEB8-8B4A-11D0-8D11-00A0C91BC942}") = "CJsonTest", "CJsonTest\CJsonTest.vcxproj", "{5D86FC84-CD13-45D4-948B-DD0CE0C81C90}"
EndProject
Project("{8BC9CEB8-8B4A-11D0-8D11-00A0C91BC942}") = "ReadFile", "ReadFile\ReadFile.vcxproj", "{749A1830-6ED9-47B9-BCC3-C76979369041}"
EndProject
Project("{8BC9CEB8-8B4A-11D0-8D11-00A0C91BC942}") = "createGBGR_4208x3120", "createGBGR_4208x3120\createGBGR_4208x3120.vcxproj", "{959C121A-DC76-4DC4-8AB8-A4C6D456B510}"
EndProject
Global
	GlobalSection(SolutionConfigurationPlatforms) = preSolution
		Debug|Any CPU = Debug|Any CPU
		Debug|ARM = Debug|ARM
		Debug|x64 = Debug|x64
		Debug|x86 = Debug|x86
		Release|Any CPU = Release|Any CPU
		Release|ARM = Release|ARM
		Release|x64 = Release|x64
		Release|x86 = Release|x86
	EndGlobalSection
	GlobalSection(ProjectConfigurationPlatforms) = postSolution
		{F93FC214-4640-47FC-BD8F-9A8670E0C0C8}.Debug|Any CPU.ActiveCfg = Debug|Win32
		{F93FC214-4640-47FC-BD8F-9A8670E0C0C8}.Debug|ARM.ActiveCfg = Debug|Win32
		{F93FC214-4640-47FC-BD8F-9A8670E0C0C8}.Debug|x64.ActiveCfg = Debug|x64
		{F93FC214-4640-47FC-BD8F-9A8670E0C0C8}.Debug|x64.Build.0 = Debug|x64
		{F93FC214-4640-47FC-BD8F-9A8670E0C0C8}.Debug|x86.ActiveCfg = Debug|Win32
		{F93FC214-4640-47FC-BD8F-9A8670E0C0C8}.Debug|x86.Build.0 = Debug|Win32
		{F93FC214-4640-47FC-BD8F-9A8670E0C0C8}.Release|Any CPU.ActiveCfg = Release|Win32
		{F93FC214-4640-47FC-BD8F-9A8670E0C0C8}.Release|ARM.ActiveCfg = Release|Win32
		{F93FC214-4640-47FC-BD8F-9A8670E0C0C8}.Release|x64.ActiveCfg = Release|x64
		{F93FC214-4640-47FC-BD8F-9A8670E0C0C8}.Release|x64.Build.0 = Release|x64
		{F93FC214-4640-47FC-BD8F-9A8670E0C0C8}.Release|x86.ActiveCfg = Release|Win32
		{F93FC214-4640-47FC-BD8F-9A8670E0C0C8}.Release|x86.Build.0 = Release|Win32
		{40C41D4D-5C44-4049-B22B-BEF108E31B00}.Debug|Any CPU.ActiveCfg = Debug|Win32
		{40C41D4D-5C44-4049-B22B-BEF108E31B00}.Debug|ARM.ActiveCfg = Debug|Win32
		{40C41D4D-5C44-4049-B22B-BEF108E31B00}.Debug|x64.ActiveCfg = Debug|x64
		{40C41D4D-5C44-4049-B22B-BEF108E31B00}.Debug|x64.Build.0 = Debug|x64
		{40C41D4D-5C44-4049-B22B-BEF108E31B00}.Debug|x86.ActiveCfg = Debug|Win32
		{40C41D4D-5C44-4049-B22B-BEF108E31B00}.Debug|x86.Build.0 = Debug|Win32
		{40C41D4D-5C44-4049-B22B-BEF108E31B00}.Release|Any CPU.ActiveCfg = Release|Win32
		{40C41D4D-5C44-4049-B22B-BEF108E31B00}.Release|ARM.ActiveCfg = Release|Win32
		{40C41D4D-5C44-4049-B22B-BEF108E31B00}.Release|x64.ActiveCfg = Release|x64
		{40C41D4D-5C44-4049-B22B-BEF108E31B00}.Release|x64.Build.0 = Release|x64
		{40C41D4D-5C44-4049-B22B-BEF108E31B00}.Release|x86.ActiveCfg = Release|Win32
		{40C41D4D-5C44-4049-B22B-BEF108E31B00}.Release|x86.Build.0 = Release|Win32
		{0A6C2AC9-225B-488D-A818-2BF7100605E5}.Debug|Any CPU.ActiveCfg = Debug|Win32
		{0A6C2AC9-225B-488D-A818-2BF7100605E5}.Debug|ARM.ActiveCfg = Debug|Win32
		{0A6C2AC9-225B-488D-A818-2BF7100605E5}.Debug|x64.ActiveCfg = Debug|x64
		{0A6C2AC9-225B-488D-A818-2BF7100605E5}.Debug|x64.Build.0 = Debug|x64
		{0A6C2AC9-225B-488D-A818-2BF7100605E5}.Debug|x86.ActiveCfg = Debug|Win32
		{0A6C2AC9-225B-488D-A818-2BF7100605E5}.Debug|x86.Build.0 = Debug|Win32
		{0A6C2AC9-225B-488D-A818-2BF7100605E5}.Release|Any CPU.ActiveCfg = Release|Win32
		{0A6C2AC9-225B-488D-A818-2BF7100605E5}.Release|ARM.ActiveCfg = Release|Win32
		{0A6C2AC9-225B-488D-A818-2BF7100605E5}.Release|x64.ActiveCfg = Release|x64
		{0A6C2AC9-225B-488D-A818-2BF7100605E5}.Release|x64.Build.0 = Release|x64
		{0A6C2AC9-225B-488D-A818-2BF7100605E5}.Release|x86.ActiveCfg = Release|Win32
		{0A6C2AC9-225B-488D-A818-2BF7100605E5}.Release|x86.Build.0 = Release|Win32
		{8F5477DA-6566-42B2-9679-3658B1FC3D86}.Debug|Any CPU.ActiveCfg = Debug|Win32
		{8F5477DA-6566-42B2-9679-3658B1FC3D86}.Debug|ARM.ActiveCfg = Debug|Win32
		{8F5477DA-6566-42B2-9679-3658B1FC3D86}.Debug|x64.ActiveCfg = Debug|x64
		{8F5477DA-6566-42B2-9679-3658B1FC3D86}.Debug|x64.Build.0 = Debug|x64
		{8F5477DA-6566-42B2-9679-3658B1FC3D86}.Debug|x86.ActiveCfg = Debug|Win32
		{8F5477DA-6566-42B2-9679-3658B1FC3D86}.Debug|x86.Build.0 = Debug|Win32
		{8F5477DA-6566-42B2-9679-3658B1FC3D86}.Release|Any CPU.ActiveCfg = Release|Win32
		{8F5477DA-6566-42B2-9679-3658B1FC3D86}.Release|ARM.ActiveCfg = Release|Win32
		{8F5477DA-6566-42B2-9679-3658B1FC3D86}.Release|x64.ActiveCfg = Release|x64
		{8F5477DA-6566-42B2-9679-3658B1FC3D86}.Release|x64.Build.0 = Release|x64
		{8F5477DA-6566-42B2-9679-3658B1FC3D86}.Release|x86.ActiveCfg = Release|Win32
		{8F5477DA-6566-42B2-9679-3658B1FC3D86}.Release|x86.Build.0 = Release|Win32
		{271F0EA4-99AC-44C4-B74D-A8F8F41FFFFB}.Debug|Any CPU.ActiveCfg = Debug|Win32
		{271F0EA4-99AC-44C4-B74D-A8F8F41FFFFB}.Debug|ARM.ActiveCfg = Debug|Win32
		{271F0EA4-99AC-44C4-B74D-A8F8F41FFFFB}.Debug|x64.ActiveCfg = Debug|x64
		{271F0EA4-99AC-44C4-B74D-A8F8F41FFFFB}.Debug|x64.Build.0 = Debug|x64
		{271F0EA4-99AC-44C4-B74D-A8F8F41FFFFB}.Debug|x86.ActiveCfg = Debug|Win32
		{271F0EA4-99AC-44C4-B74D-A8F8F41FFFFB}.Debug|x86.Build.0 = Debug|Win32
		{271F0EA4-99AC-44C4-B74D-A8F8F41FFFFB}.Release|Any CPU.ActiveCfg = Release|Win32
		{271F0EA4-99AC-44C4-B74D-A8F8F41FFFFB}.Release|ARM.ActiveCfg = Release|Win32
		{271F0EA4-99AC-44C4-B74D-A8F8F41FFFFB}.Release|x64.ActiveCfg = Release|x64
		{271F0EA4-99AC-44C4-B74D-A8F8F41FFFFB}.Release|x64.Build.0 = Release|x64
		{271F0EA4-99AC-44C4-B74D-A8F8F41FFFFB}.Release|x86.ActiveCfg = Release|Win32
		{271F0EA4-99AC-44C4-B74D-A8F8F41FFFFB}.Release|x86.Build.0 = Release|Win32
		{27090DC2-B221-4E83-94CE-6F56A01C6030}.Debug|Any CPU.ActiveCfg = Debug|Win32
		{27090DC2-B221-4E83-94CE-6F56A01C6030}.Debug|ARM.ActiveCfg = Debug|Win32
		{27090DC2-B221-4E83-94CE-6F56A01C6030}.Debug|x64.ActiveCfg = Debug|x64
		{27090DC2-B221-4E83-94CE-6F56A01C6030}.Debug|x64.Build.0 = Debug|x64
		{27090DC2-B221-4E83-94CE-6F56A01C6030}.Debug|x86.ActiveCfg = Debug|Win32
		{27090DC2-B221-4E83-94CE-6F56A01C6030}.Debug|x86.Build.0 = Debug|Win32
		{27090DC2-B221-4E83-94CE-6F56A01C6030}.Release|Any CPU.ActiveCfg = Release|Win32
		{27090DC2-B221-4E83-94CE-6F56A01C6030}.Release|ARM.ActiveCfg = Release|Win32
		{27090DC2-B221-4E83-94CE-6F56A01C6030}.Release|x64.ActiveCfg = Release|x64
		{27090DC2-B221-4E83-94CE-6F56A01C6030}.Release|x64.Build.0 = Release|x64
		{27090DC2-B221-4E83-94CE-6F56A01C6030}.Release|x86.ActiveCfg = Release|Win32
		{27090DC2-B221-4E83-94CE-6F56A01C6030}.Release|x86.Build.0 = Release|Win32
		{C934F315-9AA0-4458-95D6-CC4FBC0EAACC}.Debug|Any CPU.ActiveCfg = Debug|Win32
		{C934F315-9AA0-4458-95D6-CC4FBC0EAACC}.Debug|ARM.ActiveCfg = Debug|Win32
		{C934F315-9AA0-4458-95D6-CC4FBC0EAACC}.Debug|x64.ActiveCfg = Debug|x64
		{C934F315-9AA0-4458-95D6-CC4FBC0EAACC}.Debug|x64.Build.0 = Debug|x64
		{C934F315-9AA0-4458-95D6-CC4FBC0EAACC}.Debug|x86.ActiveCfg = Debug|Win32
		{C934F315-9AA0-4458-95D6-CC4FBC0EAACC}.Debug|x86.Build.0 = Debug|Win32
		{C934F315-9AA0-4458-95D6-CC4FBC0EAACC}.Release|Any CPU.ActiveCfg = Release|Win32
		{C934F315-9AA0-4458-95D6-CC4FBC0EAACC}.Release|ARM.ActiveCfg = Release|Win32
		{C934F315-9AA0-4458-95D6-CC4FBC0EAACC}.Release|x64.ActiveCfg = Release|x64
		{C934F315-9AA0-4458-95D6-CC4FBC0EAACC}.Release|x64.Build.0 = Release|x64
		{C934F315-9AA0-4458-95D6-CC4FBC0EAACC}.Release|x86.ActiveCfg = Release|Win32
		{C934F315-9AA0-4458-95D6-CC4FBC0EAACC}.Release|x86.Build.0 = Release|Win32
		{D6157147-D772-4067-9A9A-63ADBAC4B5E2}.Debug|Any CPU.ActiveCfg = Debug|Win32
		{D6157147-D772-4067-9A9A-63ADBAC4B5E2}.Debug|ARM.ActiveCfg = Debug|Win32
		{D6157147-D772-4067-9A9A-63ADBAC4B5E2}.Debug|x64.ActiveCfg = Debug|x64
		{D6157147-D772-4067-9A9A-63ADBAC4B5E2}.Debug|x64.Build.0 = Debug|x64
		{D6157147-D772-4067-9A9A-63ADBAC4B5E2}.Debug|x86.ActiveCfg = Debug|Win32
		{D6157147-D772-4067-9A9A-63ADBAC4B5E2}.Debug|x86.Build.0 = Debug|Win32
		{D6157147-D772-4067-9A9A-63ADBAC4B5E2}.Release|Any CPU.ActiveCfg = Release|Win32
		{D6157147-D772-4067-9A9A-63ADBAC4B5E2}.Release|ARM.ActiveCfg = Release|Win32
		{D6157147-D772-4067-9A9A-63ADBAC4B5E2}.Release|x64.ActiveCfg = Release|x64
		{D6157147-D772-4067-9A9A-63ADBAC4B5E2}.Release|x64.Build.0 = Release|x64
		{D6157147-D772-4067-9A9A-63ADBAC4B5E2}.Release|x86.ActiveCfg = Release|Win32
		{D6157147-D772-4067-9A9A-63ADBAC4B5E2}.Release|x86.Build.0 = Release|Win32
		{5F0E3700-978A-484F-BBC9-D8AC0FC7A74B}.Debug|Any CPU.ActiveCfg = Debug|Win32
		{5F0E3700-978A-484F-BBC9-D8AC0FC7A74B}.Debug|ARM.ActiveCfg = Debug|Win32
		{5F0E3700-978A-484F-BBC9-D8AC0FC7A74B}.Debug|x64.ActiveCfg = Debug|x64
		{5F0E3700-978A-484F-BBC9-D8AC0FC7A74B}.Debug|x64.Build.0 = Debug|x64
		{5F0E3700-978A-484F-BBC9-D8AC0FC7A74B}.Debug|x86.ActiveCfg = Debug|Win32
		{5F0E3700-978A-484F-BBC9-D8AC0FC7A74B}.Debug|x86.Build.0 = Debug|Win32
		{5F0E3700-978A-484F-BBC9-D8AC0FC7A74B}.Release|Any CPU.ActiveCfg = Release|Win32
		{5F0E3700-978A-484F-BBC9-D8AC0FC7A74B}.Release|ARM.ActiveCfg = Release|Win32
		{5F0E3700-978A-484F-BBC9-D8AC0FC7A74B}.Release|x64.ActiveCfg = Release|x64
		{5F0E3700-978A-484F-BBC9-D8AC0FC7A74B}.Release|x64.Build.0 = Release|x64
		{5F0E3700-978A-484F-BBC9-D8AC0FC7A74B}.Release|x86.ActiveCfg = Release|Win32
		{5F0E3700-978A-484F-BBC9-D8AC0FC7A74B}.Release|x86.Build.0 = Release|Win32
		{554E1A15-8458-4BC6-BB8F-702E3C375B9F}.Debug|Any CPU.ActiveCfg = Debug|Win32
		{554E1A15-8458-4BC6-BB8F-702E3C375B9F}.Debug|ARM.ActiveCfg = Debug|Win32
		{554E1A15-8458-4BC6-BB8F-702E3C375B9F}.Debug|x64.ActiveCfg = Debug|x64
		{554E1A15-8458-4BC6-BB8F-702E3C375B9F}.Debug|x64.Build.0 = Debug|x64
		{554E1A15-8458-4BC6-BB8F-702E3C375B9F}.Debug|x86.ActiveCfg = Debug|Win32
		{554E1A15-8458-4BC6-BB8F-702E3C375B9F}.Debug|x86.Build.0 = Debug|Win32
		{554E1A15-8458-4BC6-BB8F-702E3C375B9F}.Release|Any CPU.ActiveCfg = Release|Win32
		{554E1A15-8458-4BC6-BB8F-702E3C375B9F}.Release|ARM.ActiveCfg = Release|Win32
		{554E1A15-8458-4BC6-BB8F-702E3C375B9F}.Release|x64.ActiveCfg = Release|x64
		{554E1A15-8458-4BC6-BB8F-702E3C375B9F}.Release|x64.Build.0 = Release|x64
		{554E1A15-8458-4BC6-BB8F-702E3C375B9F}.Release|x86.ActiveCfg = Release|Win32
		{554E1A15-8458-4BC6-BB8F-702E3C375B9F}.Release|x86.Build.0 = Release|Win32
		{AAAE95EA-2AFF-4667-9098-794782BEE97B}.Debug|Any CPU.ActiveCfg = Debug|Win32
		{AAAE95EA-2AFF-4667-9098-794782BEE97B}.Debug|ARM.ActiveCfg = Debug|Win32
		{AAAE95EA-2AFF-4667-9098-794782BEE97B}.Debug|x64.ActiveCfg = Debug|x64
		{AAAE95EA-2AFF-4667-9098-794782BEE97B}.Debug|x64.Build.0 = Debug|x64
		{AAAE95EA-2AFF-4667-9098-794782BEE97B}.Debug|x86.ActiveCfg = Debug|Win32
		{AAAE95EA-2AFF-4667-9098-794782BEE97B}.Debug|x86.Build.0 = Debug|Win32
		{AAAE95EA-2AFF-4667-9098-794782BEE97B}.Release|Any CPU.ActiveCfg = Release|Win32
		{AAAE95EA-2AFF-4667-9098-794782BEE97B}.Release|ARM.ActiveCfg = Release|Win32
		{AAAE95EA-2AFF-4667-9098-794782BEE97B}.Release|x64.ActiveCfg = Release|x64
		{AAAE95EA-2AFF-4667-9098-794782BEE97B}.Release|x64.Build.0 = Release|x64
		{AAAE95EA-2AFF-4667-9098-794782BEE97B}.Release|x86.ActiveCfg = Release|Win32
		{AAAE95EA-2AFF-4667-9098-794782BEE97B}.Release|x86.Build.0 = Release|Win32
		{EAC8FB3F-DA00-400E-806A-1F738B1C6226}.Debug|Any CPU.ActiveCfg = Debug|Win32
		{EAC8FB3F-DA00-400E-806A-1F738B1C6226}.Debug|ARM.ActiveCfg = Debug|Win32
		{EAC8FB3F-DA00-400E-806A-1F738B1C6226}.Debug|x64.ActiveCfg = Debug|x64
		{EAC8FB3F-DA00-400E-806A-1F738B1C6226}.Debug|x64.Build.0 = Debug|x64
		{EAC8FB3F-DA00-400E-806A-1F738B1C6226}.Debug|x86.ActiveCfg = Debug|Win32
		{EAC8FB3F-DA00-400E-806A-1F738B1C6226}.Debug|x86.Build.0 = Debug|Win32
		{EAC8FB3F-DA00-400E-806A-1F738B1C6226}.Release|Any CPU.ActiveCfg = Release|Win32
		{EAC8FB3F-DA00-400E-806A-1F738B1C6226}.Release|ARM.ActiveCfg = Release|Win32
		{EAC8FB3F-DA00-400E-806A-1F738B1C6226}.Release|x64.ActiveCfg = Release|x64
		{EAC8FB3F-DA00-400E-806A-1F738B1C6226}.Release|x64.Build.0 = Release|x64
		{EAC8FB3F-DA00-400E-806A-1F738B1C6226}.Release|x86.ActiveCfg = Release|Win32
		{EAC8FB3F-DA00-400E-806A-1F738B1C6226}.Release|x86.Build.0 = Release|Win32
		{39C7FB6F-B598-48B2-8CB0-E6C475019D0B}.Debug|Any CPU.ActiveCfg = Debug|Win32
		{39C7FB6F-B598-48B2-8CB0-E6C475019D0B}.Debug|ARM.ActiveCfg = Debug|Win32
		{39C7FB6F-B598-48B2-8CB0-E6C475019D0B}.Debug|x64.ActiveCfg = Debug|x64
		{39C7FB6F-B598-48B2-8CB0-E6C475019D0B}.Debug|x64.Build.0 = Debug|x64
		{39C7FB6F-B598-48B2-8CB0-E6C475019D0B}.Debug|x86.ActiveCfg = Debug|Win32
		{39C7FB6F-B598-48B2-8CB0-E6C475019D0B}.Debug|x86.Build.0 = Debug|Win32
		{39C7FB6F-B598-48B2-8CB0-E6C475019D0B}.Release|Any CPU.ActiveCfg = Release|Win32
		{39C7FB6F-B598-48B2-8CB0-E6C475019D0B}.Release|ARM.ActiveCfg = Release|Win32
		{39C7FB6F-B598-48B2-8CB0-E6C475019D0B}.Release|x64.ActiveCfg = Release|x64
		{39C7FB6F-B598-48B2-8CB0-E6C475019D0B}.Release|x64.Build.0 = Release|x64
		{39C7FB6F-B598-48B2-8CB0-E6C475019D0B}.Release|x86.ActiveCfg = Release|Win32
		{39C7FB6F-B598-48B2-8CB0-E6C475019D0B}.Release|x86.Build.0 = Release|Win32
		{C15C6AE2-B148-4142-9CB1-99E9CEA50D9E}.Debug|Any CPU.ActiveCfg = Debug|Win32
		{C15C6AE2-B148-4142-9CB1-99E9CEA50D9E}.Debug|ARM.ActiveCfg = Debug|Win32
		{C15C6AE2-B148-4142-9CB1-99E9CEA50D9E}.Debug|x64.ActiveCfg = Debug|x64
		{C15C6AE2-B148-4142-9CB1-99E9CEA50D9E}.Debug|x64.Build.0 = Debug|x64
		{C15C6AE2-B148-4142-9CB1-99E9CEA50D9E}.Debug|x86.ActiveCfg = Debug|Win32
		{C15C6AE2-B148-4142-9CB1-99E9CEA50D9E}.Debug|x86.Build.0 = Debug|Win32
		{C15C6AE2-B148-4142-9CB1-99E9CEA50D9E}.Release|Any CPU.ActiveCfg = Release|Win32
		{C15C6AE2-B148-4142-9CB1-99E9CEA50D9E}.Release|ARM.ActiveCfg = Release|Win32
		{C15C6AE2-B148-4142-9CB1-99E9CEA50D9E}.Release|x64.ActiveCfg = Release|x64
		{C15C6AE2-B148-4142-9CB1-99E9CEA50D9E}.Release|x64.Build.0 = Release|x64
		{C15C6AE2-B148-4142-9CB1-99E9CEA50D9E}.Release|x86.ActiveCfg = Release|Win32
		{C15C6AE2-B148-4142-9CB1-99E9CEA50D9E}.Release|x86.Build.0 = Release|Win32
		{24C0B365-C982-42ED-9539-D611F4326ED3}.Debug|Any CPU.ActiveCfg = Debug|Win32
		{24C0B365-C982-42ED-9539-D611F4326ED3}.Debug|ARM.ActiveCfg = Debug|Win32
		{24C0B365-C982-42ED-9539-D611F4326ED3}.Debug|x64.ActiveCfg = Debug|x64
		{24C0B365-C982-42ED-9539-D611F4326ED3}.Debug|x64.Build.0 = Debug|x64
		{24C0B365-C982-42ED-9539-D611F4326ED3}.Debug|x86.ActiveCfg = Debug|Win32
		{24C0B365-C982-42ED-9539-D611F4326ED3}.Debug|x86.Build.0 = Debug|Win32
		{24C0B365-C982-42ED-9539-D611F4326ED3}.Release|Any CPU.ActiveCfg = Release|Win32
		{24C0B365-C982-42ED-9539-D611F4326ED3}.Release|ARM.ActiveCfg = Release|Win32
		{24C0B365-C982-42ED-9539-D611F4326ED3}.Release|x64.ActiveCfg = Release|x64
		{24C0B365-C982-42ED-9539-D611F4326ED3}.Release|x64.Build.0 = Release|x64
		{24C0B365-C982-42ED-9539-D611F4326ED3}.Release|x86.ActiveCfg = Release|Win32
		{24C0B365-C982-42ED-9539-D611F4326ED3}.Release|x86.Build.0 = Release|Win32
		{34C30391-867B-4B57-A456-980FCE5FF2EF}.Debug|Any CPU.ActiveCfg = Debug|Win32
		{34C30391-867B-4B57-A456-980FCE5FF2EF}.Debug|ARM.ActiveCfg = Debug|Win32
		{34C30391-867B-4B57-A456-980FCE5FF2EF}.Debug|x64.ActiveCfg = Debug|x64
		{34C30391-867B-4B57-A456-980FCE5FF2EF}.Debug|x64.Build.0 = Debug|x64
		{34C30391-867B-4B57-A456-980FCE5FF2EF}.Debug|x86.ActiveCfg = Debug|Win32
		{34C30391-867B-4B57-A456-980FCE5FF2EF}.Debug|x86.Build.0 = Debug|Win32
		{34C30391-867B-4B57-A456-980FCE5FF2EF}.Release|Any CPU.ActiveCfg = Release|Win32
		{34C30391-867B-4B57-A456-980FCE5FF2EF}.Release|ARM.ActiveCfg = Release|Win32
		{34C30391-867B-4B57-A456-980FCE5FF2EF}.Release|x64.ActiveCfg = Release|x64
		{34C30391-867B-4B57-A456-980FCE5FF2EF}.Release|x64.Build.0 = Release|x64
		{34C30391-867B-4B57-A456-980FCE5FF2EF}.Release|x86.ActiveCfg = Release|Win32
		{34C30391-867B-4B57-A456-980FCE5FF2EF}.Release|x86.Build.0 = Release|Win32
		{64423830-B32C-43C9-AEDD-BB0B8F0697DB}.Debug|Any CPU.ActiveCfg = Debug|Win32
		{64423830-B32C-43C9-AEDD-BB0B8F0697DB}.Debug|ARM.ActiveCfg = Debug|Win32
		{64423830-B32C-43C9-AEDD-BB0B8F0697DB}.Debug|x64.ActiveCfg = Debug|x64
		{64423830-B32C-43C9-AEDD-BB0B8F0697DB}.Debug|x64.Build.0 = Debug|x64
		{64423830-B32C-43C9-AEDD-BB0B8F0697DB}.Debug|x86.ActiveCfg = Debug|Win32
		{64423830-B32C-43C9-AEDD-BB0B8F0697DB}.Debug|x86.Build.0 = Debug|Win32
		{64423830-B32C-43C9-AEDD-BB0B8F0697DB}.Release|Any CPU.ActiveCfg = Release|Win32
		{64423830-B32C-43C9-AEDD-BB0B8F0697DB}.Release|ARM.ActiveCfg = Release|Win32
		{64423830-B32C-43C9-AEDD-BB0B8F0697DB}.Release|x64.ActiveCfg = Release|x64
		{64423830-B32C-43C9-AEDD-BB0B8F0697DB}.Release|x64.Build.0 = Release|x64
		{64423830-B32C-43C9-AEDD-BB0B8F0697DB}.Release|x86.ActiveCfg = Release|Win32
		{64423830-B32C-43C9-AEDD-BB0B8F0697DB}.Release|x86.Build.0 = Release|Win32
		{17D83827-B887-444D-8F60-9730215AD0B7}.Debug|Any CPU.ActiveCfg = Debug|Win32
		{17D83827-B887-444D-8F60-9730215AD0B7}.Debug|ARM.ActiveCfg = Debug|Win32
		{17D83827-B887-444D-8F60-9730215AD0B7}.Debug|x64.ActiveCfg = Debug|x64
		{17D83827-B887-444D-8F60-9730215AD0B7}.Debug|x64.Build.0 = Debug|x64
		{17D83827-B887-444D-8F60-9730215AD0B7}.Debug|x86.ActiveCfg = Debug|Win32
		{17D83827-B887-444D-8F60-9730215AD0B7}.Debug|x86.Build.0 = Debug|Win32
		{17D83827-B887-444D-8F60-9730215AD0B7}.Release|Any CPU.ActiveCfg = Release|Win32
		{17D83827-B887-444D-8F60-9730215AD0B7}.Release|ARM.ActiveCfg = Release|Win32
		{17D83827-B887-444D-8F60-9730215AD0B7}.Release|x64.ActiveCfg = Release|x64
		{17D83827-B887-444D-8F60-9730215AD0B7}.Release|x64.Build.0 = Release|x64
		{17D83827-B887-444D-8F60-9730215AD0B7}.Release|x86.ActiveCfg = Release|Win32
		{17D83827-B887-444D-8F60-9730215AD0B7}.Release|x86.Build.0 = Release|Win32
		{E88D9205-71B0-4190-8043-3E25B320A86A}.Debug|Any CPU.ActiveCfg = Debug|Win32
		{E88D9205-71B0-4190-8043-3E25B320A86A}.Debug|ARM.ActiveCfg = Debug|Win32
		{E88D9205-71B0-4190-8043-3E25B320A86A}.Debug|x64.ActiveCfg = Debug|x64
		{E88D9205-71B0-4190-8043-3E25B320A86A}.Debug|x64.Build.0 = Debug|x64
		{E88D9205-71B0-4190-8043-3E25B320A86A}.Debug|x86.ActiveCfg = Debug|Win32
		{E88D9205-71B0-4190-8043-3E25B320A86A}.Debug|x86.Build.0 = Debug|Win32
		{E88D9205-71B0-4190-8043-3E25B320A86A}.Release|Any CPU.ActiveCfg = Release|Win32
		{E88D9205-71B0-4190-8043-3E25B320A86A}.Release|ARM.ActiveCfg = Release|Win32
		{E88D9205-71B0-4190-8043-3E25B320A86A}.Release|x64.ActiveCfg = Release|x64
		{E88D9205-71B0-4190-8043-3E25B320A86A}.Release|x64.Build.0 = Release|x64
		{E88D9205-71B0-4190-8043-3E25B320A86A}.Release|x86.ActiveCfg = Release|Win32
		{E88D9205-71B0-4190-8043-3E25B320A86A}.Release|x86.Build.0 = Release|Win32
		{A1BDCB88-418E-48BF-ADAF-9E0D3F696436}.Debug|Any CPU.ActiveCfg = Debug|Win32
		{A1BDCB88-418E-48BF-ADAF-9E0D3F696436}.Debug|ARM.ActiveCfg = Debug|Win32
		{A1BDCB88-418E-48BF-ADAF-9E0D3F696436}.Debug|x64.ActiveCfg = Debug|x64
		{A1BDCB88-418E-48BF-ADAF-9E0D3F696436}.Debug|x64.Build.0 = Debug|x64
		{A1BDCB88-418E-48BF-ADAF-9E0D3F696436}.Debug|x86.ActiveCfg = Debug|Win32
		{A1BDCB88-418E-48BF-ADAF-9E0D3F696436}.Debug|x86.Build.0 = Debug|Win32
		{A1BDCB88-418E-48BF-ADAF-9E0D3F696436}.Release|Any CPU.ActiveCfg = Release|Win32
		{A1BDCB88-418E-48BF-ADAF-9E0D3F696436}.Release|ARM.ActiveCfg = Release|Win32
		{A1BDCB88-418E-48BF-ADAF-9E0D3F696436}.Release|x64.ActiveCfg = Release|x64
		{A1BDCB88-418E-48BF-ADAF-9E0D3F696436}.Release|x64.Build.0 = Release|x64
		{A1BDCB88-418E-48BF-ADAF-9E0D3F696436}.Release|x86.ActiveCfg = Release|Win32
		{A1BDCB88-418E-48BF-ADAF-9E0D3F696436}.Release|x86.Build.0 = Release|Win32
		{5D86FC84-CD13-45D4-948B-DD0CE0C81C90}.Debug|Any CPU.ActiveCfg = Debug|Win32
		{5D86FC84-CD13-45D4-948B-DD0CE0C81C90}.Debug|ARM.ActiveCfg = Debug|Win32
		{5D86FC84-CD13-45D4-948B-DD0CE0C81C90}.Debug|x64.ActiveCfg = Debug|x64
		{5D86FC84-CD13-45D4-948B-DD0CE0C81C90}.Debug|x64.Build.0 = Debug|x64
		{5D86FC84-CD13-45D4-948B-DD0CE0C81C90}.Debug|x86.ActiveCfg = Debug|Win32
		{5D86FC84-CD13-45D4-948B-DD0CE0C81C90}.Debug|x86.Build.0 = Debug|Win32
		{5D86FC84-CD13-45D4-948B-DD0CE0C81C90}.Release|Any CPU.ActiveCfg = Release|Win32
		{5D86FC84-CD13-45D4-948B-DD0CE0C81C90}.Release|ARM.ActiveCfg = Release|Win32
		{5D86FC84-CD13-45D4-948B-DD0CE0C81C90}.Release|x64.ActiveCfg = Release|x64
		{5D86FC84-CD13-45D4-948B-DD0CE0C81C90}.Release|x64.Build.0 = Release|x64
		{5D86FC84-CD13-45D4-948B-DD0CE0C81C90}.Release|x86.ActiveCfg = Release|Win32
		{5D86FC84-CD13-45D4-948B-DD0CE0C81C90}.Release|x86.Build.0 = Release|Win32
		{749A1830-6ED9-47B9-BCC3-C76979369041}.Debug|Any CPU.ActiveCfg = Debug|Win32
		{749A1830-6ED9-47B9-BCC3-C76979369041}.Debug|ARM.ActiveCfg = Debug|Win32
		{749A1830-6ED9-47B9-BCC3-C76979369041}.Debug|x64.ActiveCfg = Debug|x64
		{749A1830-6ED9-47B9-BCC3-C76979369041}.Debug|x64.Build.0 = Debug|x64
		{749A1830-6ED9-47B9-BCC3-C76979369041}.Debug|x86.ActiveCfg = Debug|Win32
		{749A1830-6ED9-47B9-BCC3-C76979369041}.Debug|x86.Build.0 = Debug|Win32
		{749A1830-6ED9-47B9-BCC3-C76979369041}.Release|Any CPU.ActiveCfg = Release|Win32
		{749A1830-6ED9-47B9-BCC3-C76979369041}.Release|ARM.ActiveCfg = Release|Win32
		{749A1830-6ED9-47B9-BCC3-C76979369041}.Release|x64.ActiveCfg = Release|x64
		{749A1830-6ED9-47B9-BCC3-C76979369041}.Release|x64.Build.0 = Release|x64
		{749A1830-6ED9-47B9-BCC3-C76979369041}.Release|x86.ActiveCfg = Release|Win32
		{749A1830-6ED9-47B9-BCC3-C76979369041}.Release|x86.Build.0 = Release|Win32
		{959C121A-DC76-4DC4-8AB8-A4C6D456B510}.Debug|Any CPU.ActiveCfg = Debug|Win32
		{959C121A-DC76-4DC4-8AB8-A4C6D456B510}.Debug|ARM.ActiveCfg = Debug|Win32
		{959C121A-DC76-4DC4-8AB8-A4C6D456B510}.Debug|x64.ActiveCfg = Debug|x64
		{959C121A-DC76-4DC4-8AB8-A4C6D456B510}.Debug|x64.Build.0 = Debug|x64
		{959C121A-DC76-4DC4-8AB8-A4C6D456B510}.Debug|x86.ActiveCfg = Debug|Win32
		{959C121A-DC76-4DC4-8AB8-A4C6D456B510}.Debug|x86.Build.0 = Debug|Win32
		{959C121A-DC76-4DC4-8AB8-A4C6D456B510}.Release|Any CPU.ActiveCfg = Release|Win32
		{959C121A-DC76-4DC4-8AB8-A4C6D456B510}.Release|ARM.ActiveCfg = Release|Win32
		{959C121A-DC76-4DC4-8AB8-A4C6D456B510}.Release|x64.ActiveCfg = Release|x64
		{959C121A-DC76-4DC4-8AB8-A4C6D456B510}.Release|x64.Build.0 = Release|x64
		{959C121A-DC76-4DC4-8AB8-A4C6D456B510}.Release|x86.ActiveCfg = Release|Win32
		{959C121A-DC76-4DC4-8AB8-A4C6D456B510}.Release|x86.Build.0 = Release|Win32
	EndGlobalSection
	GlobalSection(SolutionProperties) = preSolution
		HideSolutionNode = FALSE
	EndGlobalSection
EndGlobal
